// !$*UTF8*$!
{
	archiveVersion = 1;
	classes = {
	};
	objectVersion = 50;
	objects = {

/* Begin PBXBuildFile section */
		DCCAD37E267BA6A6001265F4 /* AppDelegate.swift in Sources */ = {isa = PBXBuildFile; fileRef = DCCAD37D267BA6A6001265F4 /* AppDelegate.swift */; };
		DCCAD380267BA6A6001265F4 /* SceneDelegate.swift in Sources */ = {isa = PBXBuildFile; fileRef = DCCAD37F267BA6A6001265F4 /* SceneDelegate.swift */; };
		DCCAD382267BA6A6001265F4 /* ContentView.swift in Sources */ = {isa = PBXBuildFile; fileRef = DCCAD381267BA6A6001265F4 /* ContentView.swift */; };
		DCCAD384267BA6A9001265F4 /* Assets.xcassets in Resources */ = {isa = PBXBuildFile; fileRef = DCCAD383267BA6A9001265F4 /* Assets.xcassets */; };
		DCCAD387267BA6A9001265F4 /* Preview Assets.xcassets in Resources */ = {isa = PBXBuildFile; fileRef = DCCAD386267BA6A9001265F4 /* Preview Assets.xcassets */; };
		DCCAD38A267BA6A9001265F4 /* LaunchScreen.storyboard in Resources */ = {isa = PBXBuildFile; fileRef = DCCAD388267BA6A9001265F4 /* LaunchScreen.storyboard */; };
/* End PBXBuildFile section */

/* Begin PBXFileReference section */
		DCCAD37A267BA6A6001265F4 /* RefreshPull.app */ = {isa = PBXFileReference; explicitFileType = wrapper.application; includeInIndex = 0; path = RefreshPull.app; sourceTree = BUILT_PRODUCTS_DIR; };
		DCCAD37D267BA6A6001265F4 /* AppDelegate.swift */ = {isa = PBXFileReference; lastKnownFileType = sourcecode.swift; path = AppDelegate.swift; sourceTree = "<group>"; };
		DCCAD37F267BA6A6001265F4 /* SceneDelegate.swift */ = {isa = PBXFileReference; lastKnownFileType = sourcecode.swift; path = SceneDelegate.swift; sourceTree = "<group>"; };
		DCCAD381267BA6A6001265F4 /* ContentView.swift */ = {isa = PBXFileReference; lastKnownFileType = sourcecode.swift; path = ContentView.swift; sourceTree = "<group>"; };
		DCCAD383267BA6A9001265F4 /* Assets.xcassets */ = {isa = PBXFileReference; lastKnownFileType = folder.assetcatalog; path = Assets.xcassets; sourceTree = "<group>"; };
		DCCAD386267BA6A9001265F4 /* Preview Assets.xcassets */ = {isa = PBXFileReference; lastKnownFileType = folder.assetcatalog; path = "Preview Assets.xcassets"; sourceTree = "<group>"; };
		DCCAD389267BA6A9001265F4 /* Base */ = {isa = PBXFileReference; lastKnownFileType = file.storyboard; name = Base; path = Base.lproj/LaunchScreen.storyboard; sourceTree = "<group>"; };
		DCCAD38B267BA6A9001265F4 /* Info.plist */ = {isa = PBXFileReference; lastKnownFileType = text.plist.xml; path = Info.plist; sourceTree = "<group>"; };
/* End PBXFileReference section */

/* Begin PBXFrameworksBuildPhase section */
		DCCAD377267BA6A6001265F4 /* Frameworks */ = {
			isa = PBXFrameworksBuildPhase;
			buildActionMask = 2147483647;
			files = (
			);
			runOnlyForDeploymentPostprocessing = 0;
		};
/* End PBXFrameworksBuildPhase section */

/* Begin PBXGroup section */
		DCCAD371267BA6A6001265F4 = {
			isa = PBXGroup;
			children = (
				DCCAD37C267BA6A6001265F4 /* RefreshPull */,
				DCCAD37B267BA6A6001265F4 /* Products */,
			);
			sourceTree = "<group>";
		};
		DCCAD37B267BA6A6001265F4 /* Products */ = {
			isa = PBXGroup;
			children = (
				DCCAD37A267BA6A6001265F4 /* RefreshPull.app */,
			);
			name = Products;
			sourceTree = "<group>";
		};
		DCCAD37C267BA6A6001265F4 /* RefreshPull */ = {
			isa = PBXGroup;
			children = (
				DCCAD37D267BA6A6001265F4 /* AppDelegate.swift */,
				DCCAD37F267BA6A6001265F4 /* SceneDelegate.swift */,
				DCCAD381267BA6A6001265F4 /* ContentView.swift */,
				DCCAD383267BA6A9001265F4 /* Assets.xcassets */,
				DCCAD388267BA6A9001265F4 /* LaunchScreen.storyboard */,
				DCCAD38B267BA6A9001265F4 /* Info.plist */,
				DCCAD385267BA6A9001265F4 /* Preview Content */,
			);
			path = RefreshPull;
			sourceTree = "<group>";
		};
		DCCAD385267BA6A9001265F4 /* Preview Content */ = {
			isa = PBXGroup;
			children = (
				DCCAD386267BA6A9001265F4 /* Preview Assets.xcassets */,
			);
			path = "Preview Content";
			sourceTree = "<group>";
		};
/* End PBXGroup section */

/* Begin PBXNativeTarget section */
		DCCAD379267BA6A6001265F4 /* RefreshPull */ = {
			isa = PBXNativeTarget;
			buildConfigurationList = DCCAD38E267BA6A9001265F4 /* Build configuration list for PBXNativeTarget "RefreshPull" */;
			buildPhases = (
				DCCAD376267BA6A6001265F4 /* Sources */,
				DCCAD377267BA6A6001265F4 /* Frameworks */,
				DCCAD378267BA6A6001265F4 /* Resources */,
			);
			buildRules = (
			);
			dependencies = (
			);
			name = RefreshPull;
			productName = RefreshPull;
			productReference = DCCAD37A267BA6A6001265F4 /* RefreshPull.app */;
			productType = "com.apple.product-type.application";
		};
/* End PBXNativeTarget section */

/* Begin PBXProject section */
		DCCAD372267BA6A6001265F4 /* Project object */ = {
			isa = PBXProject;
			attributes = {
				LastSwiftUpdateCheck = 1240;
				LastUpgradeCheck = 1240;
				TargetAttributes = {
					DCCAD379267BA6A6001265F4 = {
						CreatedOnToolsVersion = 12.4;
					};
				};
			};
			buildConfigurationList = DCCAD375267BA6A6001265F4 /* Build configuration list for PBXProject "RefreshPull" */;
			compatibilityVersion = "Xcode 9.3";
			developmentRegion = en;
			hasScannedForEncodings = 0;
			knownRegions = (
				en,
				Base,
			);
			mainGroup = DCCAD371267BA6A6001265F4;
			productRefGroup = DCCAD37B267BA6A6001265F4 /* Products */;
			projectDirPath = "";
			projectRoot = "";
			targets = (
				DCCAD379267BA6A6001265F4 /* RefreshPull */,
			);
		};
/* End PBXProject section */

/* Begin PBXResourcesBuildPhase section */
		DCCAD378267BA6A6001265F4 /* Resources */ = {
			isa = PBXResourcesBuildPhase;
			buildActionMask = 2147483647;
			files = (
				DCCAD38A267BA6A9001265F4 /* LaunchScreen.storyboard in Resources */,
				DCCAD387267BA6A9001265F4 /* Preview Assets.xcassets in Resources */,
				DCCAD384267BA6A9001265F4 /* Assets.xcassets in Resources */,
			);
			runOnlyForDeploymentPostprocessing = 0;
		};
/* End PBXResourcesBuildPhase section */

/* Begin PBXSourcesBuildPhase section */
		DCCAD376267BA6A6001265F4 /* Sources */ = {
			isa = PBXSourcesBuildPhase;
			buildActionMask = 2147483647;
			files = (
				DCCAD37E267BA6A6001265F4 /* AppDelegate.swift in Sources */,
				DCCAD380267BA6A6001265F4 /* SceneDelegate.swift in Sources */,
				DCCAD382267BA6A6001265F4 /* ContentView.swift in Sources */,
			);
			runOnlyForDeploymentPostprocessing = 0;
		};
/* End PBXSourcesBuildPhase section */

/* Begin PBXVariantGroup section */
		DCCAD388267BA6A9001265F4 /* LaunchScreen.storyboard */ = {
			isa = PBXVariantGroup;
			children = (
				DCCAD389267BA6A9001265F4 /* Base */,
			);
			name = LaunchScreen.storyboard;
			sourceTree = "<group>";
		};
/* End PBXVariantGroup section */

/* Begin XCBuildConfiguration section */
		DCCAD38C267BA6A9001265F4 /* Debug */ = {
			isa = XCBuildConfiguration;
			buildSettings = {
				ALWAYS_SEARCH_USER_PATHS = NO;
				CLANG_ANALYZER_NONNULL = YES;
				CLANG_ANALYZER_NUMBER_OBJECT_CONVERSION = YES_AGGRESSIVE;
				CLANG_CXX_LANGUAGE_STANDARD = "gnu++14";
				CLANG_CXX_LIBRARY = "libc++";
				CLANG_ENABLE_MODULES = YES;
				CLANG_ENABLE_OBJC_ARC = YES;
				CLANG_ENABLE_OBJC_WEAK = YES;
				CLANG_WARN_BLOCK_CAPTURE_AUTORELEASING = YES;
				CLANG_WARN_BOOL_CONVERSION = YES;
				CLANG_WARN_COMMA = YES;
				CLANG_WARN_CONSTANT_CONVERSION = YES;
				CLANG_WARN_DEPRECATED_OBJC_IMPLEMENTATIONS = YES;
				CLANG_WARN_DIRECT_OBJC_ISA_USAGE = YES_ERROR;
				CLANG_WARN_DOCUMENTATION_COMMENTS = YES;
				CLANG_WARN_EMPTY_BODY = YES;
				CLANG_WARN_ENUM_CONVERSION = YES;
				CLANG_WARN_INFINITE_RECURSION = YES;
				CLANG_WARN_INT_CONVERSION = YES;
				CLANG_WARN_NON_LITERAL_NULL_CONVERSION = YES;
				CLANG_WARN_OBJC_IMPLICIT_RETAIN_SELF = YES;
				CLANG_WARN_OBJC_LITERAL_CONVERSION = YES;
				CLANG_WARN_OBJC_ROOT_CLASS = YES_ERROR;
				CLANG_WARN_QUOTED_INCLUDE_IN_FRAMEWORK_HEADER = YES;
				CLANG_WARN_RANGE_LOOP_ANALYSIS = YES;
				CLANG_WARN_STRICT_PROTOTYPES = YES;
				CLANG_WARN_SUSPICIOUS_MOVE = YES;
				CLANG_WARN_UNGUARDED_AVAILABILITY = YES_AGGRESSIVE;
				CLANG_WARN_UNREACHABLE_CODE = YES;
				CLANG_WARN__DUPLICATE_METHOD_MATCH = YES;
				COPY_PHASE_STRIP = NO;
				DEBUG_INFORMATION_FORMAT = dwarf;
				ENABLE_STRICT_OBJC_MSGSEND = YES;
				ENABLE_TESTABILITY = YES;
				GCC_C_LANGUAGE_STANDARD = gnu11;
				GCC_DYNAMIC_NO_PIC = NO;
				GCC_NO_COMMON_BLOCKS = YES;
				GCC_OPTIMIZATION_LEVEL = 0;
				GCC_PREPROCESSOR_DEFINITIONS = (
					"DEBUG=1",
					"$(inherited)",
				);
				GCC_WARN_64_TO_32_BIT_CONVERSION = YES;
				GCC_WARN_ABOUT_RETURN_TYPE = YES_ERROR;
				GCC_WARN_UNDECLARED_SELECTOR = YES;
				GCC_WARN_UNINITIALIZED_AUTOS = YES_AGGRESSIVE;
				GCC_WARN_UNUSED_FUNCTION = YES;
				GCC_WARN_UNUSED_VARIABLE = YES;
				IPHONEOS_DEPLOYMENT_TARGET = 14.4;
				MTL_ENABLE_DEBUG_INFO = INCLUDE_SOURCE;
				MTL_FAST_MATH = YES;
				ONLY_ACTIVE_ARCH = YES;
				SDKROOT = iphoneos;
				SWIFT_ACTIVE_COMPILATION_CONDITIONS = DEBUG;
				SWIFT_OPTIMIZATION_LEVEL = "-Onone";
			};
			name = Debug;
		};
		DCCAD38D267BA6A9001265F4 /* Release */ = {
			isa = XCBuildConfiguration;
			buildSettings = {
				ALWAYS_SEARCH_USER_PATHS = NO;
				CLANG_ANALYZER_NONNULL = YES;
				CLANG_ANALYZER_NUMBER_OBJECT_CONVERSION = YES_AGGRESSIVE;
				CLANG_CXX_LANGUAGE_STANDARD = "gnu++14";
				CLANG_CXX_LIBRARY = "libc++";
				CLANG_ENABLE_MODULES = YES;
				CLANG_ENABLE_OBJC_ARC = YES;
				CLANG_ENABLE_OBJC_WEAK = YES;
				CLANG_WARN_BLOCK_CAPTURE_AUTORELEASING = YES;
				CLANG_WARN_BOOL_CONVERSION = YES;
				CLANG_WARN_COMMA = YES;
				CLANG_WARN_CONSTANT_CONVERSION = YES;
				CLANG_WARN_DEPRECATED_OBJC_IMPLEMENTATIONS = YES;
				CLANG_WARN_DIRECT_OBJC_ISA_USAGE = YES_ERROR;
				CLANG_WARN_DOCUMENTATION_COMMENTS = YES;
				CLANG_WARN_EMPTY_BODY = YES;
				CLANG_WARN_ENUM_CONVERSION = YES;
				CLANG_WARN_INFINITE_RECURSION = YES;
				CLANG_WARN_INT_CONVERSION = YES;
				CLANG_WARN_NON_LITERAL_NULL_CONVERSION = YES;
				CLANG_WARN_OBJC_IMPLICIT_RETAIN_SELF = YES;
				CLANG_WARN_OBJC_LITERAL_CONVERSION = YES;
				CLANG_WARN_OBJC_ROOT_CLASS = YES_ERROR;
				CLANG_WARN_QUOTED_INCLUDE_IN_FRAMEWORK_HEADER = YES;
				CLANG_WARN_RANGE_LOOP_ANALYSIS = YES;
				CLANG_WARN_STRICT_PROTOTYPES = YES;
				CLANG_WARN_SUSPICIOUS_MOVE = YES;
				CLANG_WARN_UNGUARDED_AVAILABILITY = YES_AGGRESSIVE;
				CLANG_WARN_UNREACHABLE_CODE = YES;
				CLANG_WARN__DUPLICATE_METHOD_MATCH = YES;
				COPY_PHASE_STRIP = NO;
				DEBUG_INFORMATION_FORMAT = "dwarf-with-dsym";
				ENABLE_NS_ASSERTIONS = NO;
				ENABLE_STRICT_OBJC_MSGSEND = YES;
				GCC_C_LANGUAGE_STANDARD = gnu11;
				GCC_NO_COMMON_BLOCKS = YES;
				GCC_WARN_64_TO_32_BIT_CONVERSION = YES;
				GCC_WARN_ABOUT_RETURN_TYPE = YES_ERROR;
				GCC_WARN_UNDECLARED_SELECTOR = YES;
				GCC_WARN_UNINITIALIZED_AUTOS = YES_AGGRESSIVE;
				GCC_WARN_UNUSED_FUNCTION = YES;
				GCC_WARN_UNUSED_VARIABLE = YES;
				IPHONEOS_DEPLOYMENT_TARGET = 14.4;
				MTL_ENABLE_DEBUG_INFO = NO;
				MTL_FAST_MATH = YES;
				SDKROOT = iphoneos;
				SWIFT_COMPILATION_MODE = wholemodule;
				SWIFT_OPTIMIZATION_LEVEL = "-O";
				VALIDATE_PRODUCT = YES;
			};
			name = Release;
		};
		DCCAD38F267BA6A9001265F4 /* Debug */ = {
			isa = XCBuildConfiguration;
			buildSettings = {
				ASSETCATALOG_COMPILER_APPICON_NAME = AppIcon;
				ASSETCATALOG_COMPILER_GLOBAL_ACCENT_COLOR_NAME = AccentColor;
				CODE_SIGN_STYLE = Automatic;
				DEVELOPMENT_ASSET_PATHS = "\"RefreshPull/Preview Content\"";
				DEVELOPMENT_TEAM = 6A6TZSC4CM;
				ENABLE_PREVIEWS = YES;
				INFOPLIST_FILE = RefreshPull/Info.plist;
				LD_RUNPATH_SEARCH_PATHS = (
					"$(inherited)",
					"@executable_path/Frameworks",
				);
				PRODUCT_BUNDLE_IDENTIFIER = com.sanju.firstapp.RefreshPull;
				PRODUCT_NAME = "$(TARGET_NAME)";
				SWIFT_VERSION = 5.0;
				TARGETED_DEVICE_FAMILY = "1,2";
			};
			name = Debug;
		};
		DCCAD390267BA6A9001265F4 /* Release */ = {
			isa = XCBuildConfiguration;
			buildSettings = {
				ASSETCATALOG_COMPILER_APPICON_NAME = AppIcon;
				ASSETCATALOG_COMPILER_GLOBAL_ACCENT_COLOR_NAME = AccentColor;
				CODE_SIGN_STYLE = Automatic;
				DEVELOPMENT_ASSET_PATHS = "\"RefreshPull/Preview Content\"";
				DEVELOPMENT_TEAM = 6A6TZSC4CM;
				ENABLE_PREVIEWS = YES;
				INFOPLIST_FILE = RefreshPull/Info.plist;
				LD_RUNPATH_SEARCH_PATHS = (
					"$(inherited)",
					"@executable_path/Frameworks",
				);
				PRODUCT_BUNDLE_IDENTIFIER = com.sanju.firstapp.RefreshPull;
				PRODUCT_NAME = "$(TARGET_NAME)";
				SWIFT_VERSION = 5.0;
				TARGETED_DEVICE_FAMILY = "1,2";
			};
			name = Release;
		};
/* End XCBuildConfiguration section */

/* Begin XCConfigurationList section */
		DCCAD375267BA6A6001265F4 /* Build configuration list for PBXProject "RefreshPull" */ = {
			isa = XCConfigurationList;
			buildConfigurations = (
				DCCAD38C267BA6A9001265F4 /* Debug */,
				DCCAD38D267BA6A9001265F4 /* Release */,
			);
			defaultConfigurationIsVisible = 0;
			defaultConfigurationName = Release;
		};
		DCCAD38E267BA6A9001265F4 /* Build configuration list for PBXNativeTarget "RefreshPull" */ = {
			isa = XCConfigurationList;
			buildConfigurations = (
				DCCAD38F267BA6A9001265F4 /* Debug */,
				DCCAD390267BA6A9001265F4 /* Release */,
			);
			defaultConfigurationIsVisible = 0;
			defaultConfigurationName = Release;
		};
/* End XCConfigurationList section */
	};
	rootObject = DCCAD372267BA6A6001265F4 /* Project object */;
}
